
Microsoft Visual Studio Solution File, Format Version 12.00
# Visual Studio Version 16
VisualStudioVersion = 16.0.30503.244
MinimumVisualStudioVersion = 10.0.40219.1
Project("{FAE04EC0-301F-11D3-BF4B-00C04F79EFBC}") = "DefaultApiClientServiceController", "DefaultApiClientServiceController\DefaultApiClientServiceController.csproj", "{9C999096-EC2A-4FF4-A465-A41CCC04D19D}"
EndProject
Global
	GlobalSection(SolutionConfigurationPlatforms) = preSolution
		Debug|Any CPU = Debug|Any CPU
		Release|Any CPU = Release|Any CPU
	EndGlobalSection
	GlobalSection(ProjectConfigurationPlatforms) = postSolution
		{9C999096-EC2A-4FF4-A465-A41CCC04D19D}.Debug|Any CPU.ActiveCfg = Debug|Any CPU
		{9C999096-EC2A-4FF4-A465-A41CCC04D19D}.Debug|Any CPU.Build.0 = Debug|Any CPU
		{9C999096-EC2A-4FF4-A465-A41CCC04D19D}.Release|Any CPU.ActiveCfg = Release|Any CPU
		{9C999096-EC2A-4FF4-A465-A41CCC04D19D}.Release|Any CPU.Build.0 = Release|Any CPU
	EndGlobalSection
	GlobalSection(SolutionProperties) = preSolution
		HideSolutionNode = FALSE
	EndGlobalSection
	GlobalSection(ExtensibilityGlobals) = postSolution
		SolutionGuid = {A1E2AAA0-C623-4837-A0BC-9EB0DF911473}
	EndGlobalSection
EndGlobal
